// !$*UTF8*$!
{
	archiveVersion = 1;
	classes = {
	};
	objectVersion = 56;
	objects = {

/* Begin PBXBuildFile section */
		5D8CC6FC290ACE7B00EB95B5 /* CryptoTableViewCell.swift in Sources */ = {isa = PBXBuildFile; fileRef = 5D8CC6FB290ACE7B00EB95B5 /* CryptoTableViewCell.swift */; };
		5D8CC702290ACFC900EB95B5 /* CryptoCurrency.swift in Sources */ = {isa = PBXBuildFile; fileRef = 5D8CC701290ACFC900EB95B5 /* CryptoCurrency.swift */; };
		5D8CC704290AD71E00EB95B5 /* WebService.swift in Sources */ = {isa = PBXBuildFile; fileRef = 5D8CC703290AD71E00EB95B5 /* WebService.swift */; };
		5D8CC706290ADB5200EB95B5 /* CryptoViewModel.swift in Sources */ = {isa = PBXBuildFile; fileRef = 5D8CC705290ADB5200EB95B5 /* CryptoViewModel.swift */; };
		5DBACACE290AAC1E002A4848 /* AppDelegate.swift in Sources */ = {isa = PBXBuildFile; fileRef = 5DBACACD290AAC1E002A4848 /* AppDelegate.swift */; };
		5DBACAD0290AAC1E002A4848 /* SceneDelegate.swift in Sources */ = {isa = PBXBuildFile; fileRef = 5DBACACF290AAC1E002A4848 /* SceneDelegate.swift */; };
		5DBACAD2290AAC1E002A4848 /* ViewController.swift in Sources */ = {isa = PBXBuildFile; fileRef = 5DBACAD1290AAC1E002A4848 /* ViewController.swift */; };
		5DBACAD5290AAC1E002A4848 /* Main.storyboard in Resources */ = {isa = PBXBuildFile; fileRef = 5DBACAD3290AAC1E002A4848 /* Main.storyboard */; };
		5DBACAD7290AAC1E002A4848 /* Assets.xcassets in Resources */ = {isa = PBXBuildFile; fileRef = 5DBACAD6290AAC1E002A4848 /* Assets.xcassets */; };
		5DBACADA290AAC1E002A4848 /* LaunchScreen.storyboard in Resources */ = {isa = PBXBuildFile; fileRef = 5DBACAD8290AAC1E002A4848 /* LaunchScreen.storyboard */; };
/* End PBXBuildFile section */

/* Begin PBXFileReference section */
		5D8CC6FB290ACE7B00EB95B5 /* CryptoTableViewCell.swift */ = {isa = PBXFileReference; lastKnownFileType = sourcecode.swift; path = CryptoTableViewCell.swift; sourceTree = "<group>"; };
		5D8CC701290ACFC900EB95B5 /* CryptoCurrency.swift */ = {isa = PBXFileReference; lastKnownFileType = sourcecode.swift; path = CryptoCurrency.swift; sourceTree = "<group>"; };
		5D8CC703290AD71E00EB95B5 /* WebService.swift */ = {isa = PBXFileReference; lastKnownFileType = sourcecode.swift; path = WebService.swift; sourceTree = "<group>"; };
		5D8CC705290ADB5200EB95B5 /* CryptoViewModel.swift */ = {isa = PBXFileReference; lastKnownFileType = sourcecode.swift; path = CryptoViewModel.swift; sourceTree = "<group>"; };
		5DBACACA290AAC1E002A4848 /* Kripto MVVM.app */ = {isa = PBXFileReference; explicitFileType = wrapper.application; includeInIndex = 0; path = "Kripto MVVM.app"; sourceTree = BUILT_PRODUCTS_DIR; };
		5DBACACD290AAC1E002A4848 /* AppDelegate.swift */ = {isa = PBXFileReference; lastKnownFileType = sourcecode.swift; path = AppDelegate.swift; sourceTree = "<group>"; };
		5DBACACF290AAC1E002A4848 /* SceneDelegate.swift */ = {isa = PBXFileReference; lastKnownFileType = sourcecode.swift; path = SceneDelegate.swift; sourceTree = "<group>"; };
		5DBACAD1290AAC1E002A4848 /* ViewController.swift */ = {isa = PBXFileReference; lastKnownFileType = sourcecode.swift; path = ViewController.swift; sourceTree = "<group>"; };
		5DBACAD4290AAC1E002A4848 /* Base */ = {isa = PBXFileReference; lastKnownFileType = file.storyboard; name = Base; path = Base.lproj/Main.storyboard; sourceTree = "<group>"; };
		5DBACAD6290AAC1E002A4848 /* Assets.xcassets */ = {isa = PBXFileReference; lastKnownFileType = folder.assetcatalog; path = Assets.xcassets; sourceTree = "<group>"; };
		5DBACAD9290AAC1E002A4848 /* Base */ = {isa = PBXFileReference; lastKnownFileType = file.storyboard; name = Base; path = Base.lproj/LaunchScreen.storyboard; sourceTree = "<group>"; };
		5DBACADB290AAC1E002A4848 /* Info.plist */ = {isa = PBXFileReference; lastKnownFileType = text.plist.xml; path = Info.plist; sourceTree = "<group>"; };
/* End PBXFileReference section */

/* Begin PBXFrameworksBuildPhase section */
		5DBACAC7290AAC1E002A4848 /* Frameworks */ = {
			isa = PBXFrameworksBuildPhase;
			buildActionMask = 2147483647;
			files = (
			);
			runOnlyForDeploymentPostprocessing = 0;
		};
/* End PBXFrameworksBuildPhase section */

/* Begin PBXGroup section */
		5D8CC6FD290ACF7900EB95B5 /* View */ = {
			isa = PBXGroup;
			children = (
				5DBACACD290AAC1E002A4848 /* AppDelegate.swift */,
				5DBACACF290AAC1E002A4848 /* SceneDelegate.swift */,
				5DBACAD1290AAC1E002A4848 /* ViewController.swift */,
				5D8CC6FB290ACE7B00EB95B5 /* CryptoTableViewCell.swift */,
			);
			path = View;
			sourceTree = "<group>";
		};
		5D8CC6FE290ACF8400EB95B5 /* Model */ = {
			isa = PBXGroup;
			children = (
				5D8CC701290ACFC900EB95B5 /* CryptoCurrency.swift */,
			);
			path = Model;
			sourceTree = "<group>";
		};
		5D8CC6FF290ACF8F00EB95B5 /* ViewModel */ = {
			isa = PBXGroup;
			children = (
				5D8CC705290ADB5200EB95B5 /* CryptoViewModel.swift */,
			);
			path = ViewModel;
			sourceTree = "<group>";
		};
		5D8CC700290ACF9800EB95B5 /* Service */ = {
			isa = PBXGroup;
			children = (
				5D8CC703290AD71E00EB95B5 /* WebService.swift */,
			);
			path = Service;
			sourceTree = "<group>";
		};
		5DBACAC1290AAC1D002A4848 = {
			isa = PBXGroup;
			children = (
				5DBACACC290AAC1E002A4848 /* Kripto MVVM */,
				5DBACACB290AAC1E002A4848 /* Products */,
			);
			sourceTree = "<group>";
		};
		5DBACACB290AAC1E002A4848 /* Products */ = {
			isa = PBXGroup;
			children = (
				5DBACACA290AAC1E002A4848 /* Kripto MVVM.app */,
			);
			name = Products;
			sourceTree = "<group>";
		};
		5DBACACC290AAC1E002A4848 /* Kripto MVVM */ = {
			isa = PBXGroup;
			children = (
				5D8CC700290ACF9800EB95B5 /* Service */,
				5D8CC6FF290ACF8F00EB95B5 /* ViewModel */,
				5D8CC6FE290ACF8400EB95B5 /* Model */,
				5D8CC6FD290ACF7900EB95B5 /* View */,
				5DBACAD3290AAC1E002A4848 /* Main.storyboard */,
				5DBACAD6290AAC1E002A4848 /* Assets.xcassets */,
				5DBACAD8290AAC1E002A4848 /* LaunchScreen.storyboard */,
				5DBACADB290AAC1E002A4848 /* Info.plist */,
			);
			path = "Kripto MVVM";
			sourceTree = "<group>";
		};
/* End PBXGroup section */

/* Begin PBXNativeTarget section */
		5DBACAC9290AAC1E002A4848 /* Kripto MVVM */ = {
			isa = PBXNativeTarget;
			buildConfigurationList = 5DBACADE290AAC1E002A4848 /* Build configuration list for PBXNativeTarget "Kripto MVVM" */;
			buildPhases = (
				5DBACAC6290AAC1E002A4848 /* Sources */,
				5DBACAC7290AAC1E002A4848 /* Frameworks */,
				5DBACAC8290AAC1E002A4848 /* Resources */,
			);
			buildRules = (
			);
			dependencies = (
			);
			name = "Kripto MVVM";
			productName = "Kripto MVVM";
			productReference = 5DBACACA290AAC1E002A4848 /* Kripto MVVM.app */;
			productType = "com.apple.product-type.application";
		};
/* End PBXNativeTarget section */

/* Begin PBXProject section */
		5DBACAC2290AAC1D002A4848 /* Project object */ = {
			isa = PBXProject;
			attributes = {
				BuildIndependentTargetsInParallel = 1;
				LastSwiftUpdateCheck = 1400;
				LastUpgradeCheck = 1400;
				TargetAttributes = {
					5DBACAC9290AAC1E002A4848 = {
						CreatedOnToolsVersion = 14.0.1;
					};
				};
			};
			buildConfigurationList = 5DBACAC5290AAC1D002A4848 /* Build configuration list for PBXProject "Kripto MVVM" */;
			compatibilityVersion = "Xcode 14.0";
			developmentRegion = en;
			hasScannedForEncodings = 0;
			knownRegions = (
				en,
				Base,
			);
			mainGroup = 5DBACAC1290AAC1D002A4848;
			productRefGroup = 5DBACACB290AAC1E002A4848 /* Products */;
			projectDirPath = "";
			projectRoot = "";
			targets = (
				5DBACAC9290AAC1E002A4848 /* Kripto MVVM */,
			);
		};
/* End PBXProject section */

/* Begin PBXResourcesBuildPhase section */
		5DBACAC8290AAC1E002A4848 /* Resources */ = {
			isa = PBXResourcesBuildPhase;
			buildActionMask = 2147483647;
			files = (
				5DBACADA290AAC1E002A4848 /* LaunchScreen.storyboard in Resources */,
				5DBACAD7290AAC1E002A4848 /* Assets.xcassets in Resources */,
				5DBACAD5290AAC1E002A4848 /* Main.storyboard in Resources */,
			);
			runOnlyForDeploymentPostprocessing = 0;
		};
/* End PBXResourcesBuildPhase section */

/* Begin PBXSourcesBuildPhase section */
		5DBACAC6290AAC1E002A4848 /* Sources */ = {
			isa = PBXSourcesBuildPhase;
			buildActionMask = 2147483647;
			files = (
				5D8CC704290AD71E00EB95B5 /* WebService.swift in Sources */,
				5D8CC6FC290ACE7B00EB95B5 /* CryptoTableViewCell.swift in Sources */,
				5DBACAD2290AAC1E002A4848 /* ViewController.swift in Sources */,
				5D8CC706290ADB5200EB95B5 /* CryptoViewModel.swift in Sources */,
				5DBACACE290AAC1E002A4848 /* AppDelegate.swift in Sources */,
				5D8CC702290ACFC900EB95B5 /* CryptoCurrency.swift in Sources */,
				5DBACAD0290AAC1E002A4848 /* SceneDelegate.swift in Sources */,
			);
			runOnlyForDeploymentPostprocessing = 0;
		};
/* End PBXSourcesBuildPhase section */

/* Begin PBXVariantGroup section */
		5DBACAD3290AAC1E002A4848 /* Main.storyboard */ = {
			isa = PBXVariantGroup;
			children = (
				5DBACAD4290AAC1E002A4848 /* Base */,
			);
			name = Main.storyboard;
			sourceTree = "<group>";
		};
		5DBACAD8290AAC1E002A4848 /* LaunchScreen.storyboard */ = {
			isa = PBXVariantGroup;
			children = (
				5DBACAD9290AAC1E002A4848 /* Base */,
			);
			name = LaunchScreen.storyboard;
			sourceTree = "<group>";
		};
/* End PBXVariantGroup section */

/* Begin XCBuildConfiguration section */
		5DBACADC290AAC1E002A4848 /* Debug */ = {
			isa = XCBuildConfiguration;
			buildSettings = {
				ALWAYS_SEARCH_USER_PATHS = NO;
				CLANG_ANALYZER_NONNULL = YES;
				CLANG_ANALYZER_NUMBER_OBJECT_CONVERSION = YES_AGGRESSIVE;
				CLANG_CXX_LANGUAGE_STANDARD = "gnu++20";
				CLANG_ENABLE_MODULES = YES;
				CLANG_ENABLE_OBJC_ARC = YES;
				CLANG_ENABLE_OBJC_WEAK = YES;
				CLANG_WARN_BLOCK_CAPTURE_AUTORELEASING = YES;
				CLANG_WARN_BOOL_CONVERSION = YES;
				CLANG_WARN_COMMA = YES;
				CLANG_WARN_CONSTANT_CONVERSION = YES;
				CLANG_WARN_DEPRECATED_OBJC_IMPLEMENTATIONS = YES;
				CLANG_WARN_DIRECT_OBJC_ISA_USAGE = YES_ERROR;
				CLANG_WARN_DOCUMENTATION_COMMENTS = YES;
				CLANG_WARN_EMPTY_BODY = YES;
				CLANG_WARN_ENUM_CONVERSION = YES;
				CLANG_WARN_INFINITE_RECURSION = YES;
				CLANG_WARN_INT_CONVERSION = YES;
				CLANG_WARN_NON_LITERAL_NULL_CONVERSION = YES;
				CLANG_WARN_OBJC_IMPLICIT_RETAIN_SELF = YES;
				CLANG_WARN_OBJC_LITERAL_CONVERSION = YES;
				CLANG_WARN_OBJC_ROOT_CLASS = YES_ERROR;
				CLANG_WARN_QUOTED_INCLUDE_IN_FRAMEWORK_HEADER = YES;
				CLANG_WARN_RANGE_LOOP_ANALYSIS = YES;
				CLANG_WARN_STRICT_PROTOTYPES = YES;
				CLANG_WARN_SUSPICIOUS_MOVE = YES;
				CLANG_WARN_UNGUARDED_AVAILABILITY = YES_AGGRESSIVE;
				CLANG_WARN_UNREACHABLE_CODE = YES;
				CLANG_WARN__DUPLICATE_METHOD_MATCH = YES;
				COPY_PHASE_STRIP = NO;
				DEBUG_INFORMATION_FORMAT = dwarf;
				ENABLE_STRICT_OBJC_MSGSEND = YES;
				ENABLE_TESTABILITY = YES;
				GCC_C_LANGUAGE_STANDARD = gnu11;
				GCC_DYNAMIC_NO_PIC = NO;
				GCC_NO_COMMON_BLOCKS = YES;
				GCC_OPTIMIZATION_LEVEL = 0;
				GCC_PREPROCESSOR_DEFINITIONS = (
					"DEBUG=1",
					"$(inherited)",
				);
				GCC_WARN_64_TO_32_BIT_CONVERSION = YES;
				GCC_WARN_ABOUT_RETURN_TYPE = YES_ERROR;
				GCC_WARN_UNDECLARED_SELECTOR = YES;
				GCC_WARN_UNINITIALIZED_AUTOS = YES_AGGRESSIVE;
				GCC_WARN_UNUSED_FUNCTION = YES;
				GCC_WARN_UNUSED_VARIABLE = YES;
				IPHONEOS_DEPLOYMENT_TARGET = 16.0;
				MTL_ENABLE_DEBUG_INFO = INCLUDE_SOURCE;
				MTL_FAST_MATH = YES;
				ONLY_ACTIVE_ARCH = YES;
				SDKROOT = iphoneos;
				SWIFT_ACTIVE_COMPILATION_CONDITIONS = DEBUG;
				SWIFT_OPTIMIZATION_LEVEL = "-Onone";
			};
			name = Debug;
		};
		5DBACADD290AAC1E002A4848 /* Release */ = {
			isa = XCBuildConfiguration;
			buildSettings = {
				ALWAYS_SEARCH_USER_PATHS = NO;
				CLANG_ANALYZER_NONNULL = YES;
				CLANG_ANALYZER_NUMBER_OBJECT_CONVERSION = YES_AGGRESSIVE;
				CLANG_CXX_LANGUAGE_STANDARD = "gnu++20";
				CLANG_ENABLE_MODULES = YES;
				CLANG_ENABLE_OBJC_ARC = YES;
				CLANG_ENABLE_OBJC_WEAK = YES;
				CLANG_WARN_BLOCK_CAPTURE_AUTORELEASING = YES;
				CLANG_WARN_BOOL_CONVERSION = YES;
				CLANG_WARN_COMMA = YES;
				CLANG_WARN_CONSTANT_CONVERSION = YES;
				CLANG_WARN_DEPRECATED_OBJC_IMPLEMENTATIONS = YES;
				CLANG_WARN_DIRECT_OBJC_ISA_USAGE = YES_ERROR;
				CLANG_WARN_DOCUMENTATION_COMMENTS = YES;
				CLANG_WARN_EMPTY_BODY = YES;
				CLANG_WARN_ENUM_CONVERSION = YES;
				CLANG_WARN_INFINITE_RECURSION = YES;
				CLANG_WARN_INT_CONVERSION = YES;
				CLANG_WARN_NON_LITERAL_NULL_CONVERSION = YES;
				CLANG_WARN_OBJC_IMPLICIT_RETAIN_SELF = YES;
				CLANG_WARN_OBJC_LITERAL_CONVERSION = YES;
				CLANG_WARN_OBJC_ROOT_CLASS = YES_ERROR;
				CLANG_WARN_QUOTED_INCLUDE_IN_FRAMEWORK_HEADER = YES;
				CLANG_WARN_RANGE_LOOP_ANALYSIS = YES;
				CLANG_WARN_STRICT_PROTOTYPES = YES;
				CLANG_WARN_SUSPICIOUS_MOVE = YES;
				CLANG_WARN_UNGUARDED_AVAILABILITY = YES_AGGRESSIVE;
				CLANG_WARN_UNREACHABLE_CODE = YES;
				CLANG_WARN__DUPLICATE_METHOD_MATCH = YES;
				COPY_PHASE_STRIP = NO;
				DEBUG_INFORMATION_FORMAT = "dwarf-with-dsym";
				ENABLE_NS_ASSERTIONS = NO;
				ENABLE_STRICT_OBJC_MSGSEND = YES;
				GCC_C_LANGUAGE_STANDARD = gnu11;
				GCC_NO_COMMON_BLOCKS = YES;
				GCC_WARN_64_TO_32_BIT_CONVERSION = YES;
				GCC_WARN_ABOUT_RETURN_TYPE = YES_ERROR;
				GCC_WARN_UNDECLARED_SELECTOR = YES;
				GCC_WARN_UNINITIALIZED_AUTOS = YES_AGGRESSIVE;
				GCC_WARN_UNUSED_FUNCTION = YES;
				GCC_WARN_UNUSED_VARIABLE = YES;
				IPHONEOS_DEPLOYMENT_TARGET = 16.0;
				MTL_ENABLE_DEBUG_INFO = NO;
				MTL_FAST_MATH = YES;
				SDKROOT = iphoneos;
				SWIFT_COMPILATION_MODE = wholemodule;
				SWIFT_OPTIMIZATION_LEVEL = "-O";
				VALIDATE_PRODUCT = YES;
			};
			name = Release;
		};
		5DBACADF290AAC1E002A4848 /* Debug */ = {
			isa = XCBuildConfiguration;
			buildSettings = {
				ASSETCATALOG_COMPILER_APPICON_NAME = AppIcon;
				ASSETCATALOG_COMPILER_GLOBAL_ACCENT_COLOR_NAME = AccentColor;
				CODE_SIGN_STYLE = Automatic;
				CURRENT_PROJECT_VERSION = 1;
				DEVELOPMENT_TEAM = 98S838N7Z3;
				GENERATE_INFOPLIST_FILE = YES;
				INFOPLIST_FILE = "Kripto MVVM/Info.plist";
				INFOPLIST_KEY_UIApplicationSupportsIndirectInputEvents = YES;
				INFOPLIST_KEY_UILaunchStoryboardName = LaunchScreen;
				INFOPLIST_KEY_UIMainStoryboardFile = Main;
				INFOPLIST_KEY_UISupportedInterfaceOrientations_iPad = "UIInterfaceOrientationPortrait UIInterfaceOrientationPortraitUpsideDown UIInterfaceOrientationLandscapeLeft UIInterfaceOrientationLandscapeRight";
				INFOPLIST_KEY_UISupportedInterfaceOrientations_iPhone = "UIInterfaceOrientationPortrait UIInterfaceOrientationLandscapeLeft UIInterfaceOrientationLandscapeRight";
				LD_RUNPATH_SEARCH_PATHS = (
					"$(inherited)",
					"@executable_path/Frameworks",
				);
				MARKETING_VERSION = 1.0;
				PRODUCT_BUNDLE_IDENTIFIER = "com.noyancepikkurt.Kripto-MVVM";
				PRODUCT_NAME = "$(TARGET_NAME)";
				SWIFT_EMIT_LOC_STRINGS = YES;
				SWIFT_VERSION = 5.0;
				TARGETED_DEVICE_FAMILY = "1,2";
			};
			name = Debug;
		};
		5DBACAE0290AAC1E002A4848 /* Release */ = {
			isa = XCBuildConfiguration;
			buildSettings = {
				ASSETCATALOG_COMPILER_APPICON_NAME = AppIcon;
				ASSETCATALOG_COMPILER_GLOBAL_ACCENT_COLOR_NAME = AccentColor;
				CODE_SIGN_STYLE = Automatic;
				CURRENT_PROJECT_VERSION = 1;
				DEVELOPMENT_TEAM = 98S838N7Z3;
				GENERATE_INFOPLIST_FILE = YES;
				INFOPLIST_FILE = "Kripto MVVM/Info.plist";
				INFOPLIST_KEY_UIApplicationSupportsIndirectInputEvents = YES;
				INFOPLIST_KEY_UILaunchStoryboardName = LaunchScreen;
				INFOPLIST_KEY_UIMainStoryboardFile = Main;
				INFOPLIST_KEY_UISupportedInterfaceOrientations_iPad = "UIInterfaceOrientationPortrait UIInterfaceOrientationPortraitUpsideDown UIInterfaceOrientationLandscapeLeft UIInterfaceOrientationLandscapeRight";
				INFOPLIST_KEY_UISupportedInterfaceOrientations_iPhone = "UIInterfaceOrientationPortrait UIInterfaceOrientationLandscapeLeft UIInterfaceOrientationLandscapeRight";
				LD_RUNPATH_SEARCH_PATHS = (
					"$(inherited)",
					"@executable_path/Frameworks",
				);
				MARKETING_VERSION = 1.0;
				PRODUCT_BUNDLE_IDENTIFIER = "com.noyancepikkurt.Kripto-MVVM";
				PRODUCT_NAME = "$(TARGET_NAME)";
				SWIFT_EMIT_LOC_STRINGS = YES;
				SWIFT_VERSION = 5.0;
				TARGETED_DEVICE_FAMILY = "1,2";
			};
			name = Release;
		};
/* End XCBuildConfiguration section */

/* Begin XCConfigurationList section */
		5DBACAC5290AAC1D002A4848 /* Build configuration list for PBXProject "Kripto MVVM" */ = {
			isa = XCConfigurationList;
			buildConfigurations = (
				5DBACADC290AAC1E002A4848 /* Debug */,
				5DBACADD290AAC1E002A4848 /* Release */,
			);
			defaultConfigurationIsVisible = 0;
			defaultConfigurationName = Release;
		};
		5DBACADE290AAC1E002A4848 /* Build configuration list for PBXNativeTarget "Kripto MVVM" */ = {
			isa = XCConfigurationList;
			buildConfigurations = (
				5DBACADF290AAC1E002A4848 /* Debug */,
				5DBACAE0290AAC1E002A4848 /* Release */,
			);
			defaultConfigurationIsVisible = 0;
			defaultConfigurationName = Release;
		};
/* End XCConfigurationList section */
	};
	rootObject = 5DBACAC2290AAC1D002A4848 /* Project object */;
}
